
Microsoft Visual Studio Solution File, Format Version 12.00
# Visual Studio Version 17
VisualStudioVersion = 17.0.31717.71
MinimumVisualStudioVersion = 10.0.40219.1
Project("{9A19103F-16F7-4668-BE54-9A1E7A4F7556}") = "_053505_Mazurenko_Lab8", "_053505_Mazurenko_Lab8.csproj", "{99ACD45E-46C3-4296-9A3A-DBB4331FFE03}"
EndProject
Global
	GlobalSection(SolutionConfigurationPlatforms) = preSolution
		Debug|Any CPU = Debug|Any CPU
		Release|Any CPU = Release|Any CPU
	EndGlobalSection
	GlobalSection(ProjectConfigurationPlatforms) = postSolution
		{99ACD45E-46C3-4296-9A3A-DBB4331FFE03}.Debug|Any CPU.ActiveCfg = Debug|Any CPU
		{99ACD45E-46C3-4296-9A3A-DBB4331FFE03}.Debug|Any CPU.Build.0 = Debug|Any CPU
		{99ACD45E-46C3-4296-9A3A-DBB4331FFE03}.Release|Any CPU.ActiveCfg = Release|Any CPU
		{99ACD45E-46C3-4296-9A3A-DBB4331FFE03}.Release|Any CPU.Build.0 = Release|Any CPU
	EndGlobalSection
	GlobalSection(SolutionProperties) = preSolution
		HideSolutionNode = FALSE
	EndGlobalSection
	GlobalSection(ExtensibilityGlobals) = postSolution
		SolutionGuid = {1499FBE4-0F42-4C11-8416-9FB6B2E6694B}
	EndGlobalSection
EndGlobal
