
Microsoft Visual Studio Solution File, Format Version 12.00
# Visual Studio Version 17
VisualStudioVersion = 17.0.31717.71
MinimumVisualStudioVersion = 10.0.40219.1
Project("{FAE04EC0-301F-11D3-BF4B-00C04F79EFBC}") = "053505_Mazurenko_Lab11_Task2", "053505_Mazurenko_Lab11_Task2.csproj", "{C7542C16-8E46-42EC-8DE8-3544D53E5878}"
EndProject
Project("{FAE04EC0-301F-11D3-BF4B-00C04F79EFBC}") = "ClassLibraryTask2", "..\ClassLibraryTask2\ClassLibraryTask2.csproj", "{072DE170-988D-4FD1-8854-3C55CF81B623}"
EndProject
Global
	GlobalSection(SolutionConfigurationPlatforms) = preSolution
		Debug|Any CPU = Debug|Any CPU
		Release|Any CPU = Release|Any CPU
	EndGlobalSection
	GlobalSection(ProjectConfigurationPlatforms) = postSolution
		{C7542C16-8E46-42EC-8DE8-3544D53E5878}.Debug|Any CPU.ActiveCfg = Debug|Any CPU
		{C7542C16-8E46-42EC-8DE8-3544D53E5878}.Debug|Any CPU.Build.0 = Debug|Any CPU
		{C7542C16-8E46-42EC-8DE8-3544D53E5878}.Release|Any CPU.ActiveCfg = Release|Any CPU
		{C7542C16-8E46-42EC-8DE8-3544D53E5878}.Release|Any CPU.Build.0 = Release|Any CPU
		{072DE170-988D-4FD1-8854-3C55CF81B623}.Debug|Any CPU.ActiveCfg = Debug|Any CPU
		{072DE170-988D-4FD1-8854-3C55CF81B623}.Debug|Any CPU.Build.0 = Debug|Any CPU
		{072DE170-988D-4FD1-8854-3C55CF81B623}.Release|Any CPU.ActiveCfg = Release|Any CPU
		{072DE170-988D-4FD1-8854-3C55CF81B623}.Release|Any CPU.Build.0 = Release|Any CPU
	EndGlobalSection
	GlobalSection(SolutionProperties) = preSolution
		HideSolutionNode = FALSE
	EndGlobalSection
	GlobalSection(ExtensibilityGlobals) = postSolution
		SolutionGuid = {1BE554A5-C675-43FD-A465-6F07CCAEC045}
	EndGlobalSection
EndGlobal
